
Microsoft Visual Studio Solution File, Format Version 12.00
# Visual Studio Version 17
VisualStudioVersion = 17.0.32014.148
MinimumVisualStudioVersion = 10.0.40219.1
Project("{9A19103F-16F7-4668-BE54-9A1E7A4F7556}") = "RabbitMQ", "RabbitMQ\RabbitMQ.csproj", "{1DE6C03D-734C-4A31-8992-E7F02C86A201}"
EndProject
Global
	GlobalSection(SolutionConfigurationPlatforms) = preSolution
		Debug|Any CPU = Debug|Any CPU
		Release|Any CPU = Release|Any CPU
	EndGlobalSection
	GlobalSection(ProjectConfigurationPlatforms) = postSolution
		{1DE6C03D-734C-4A31-8992-E7F02C86A201}.Debug|Any CPU.ActiveCfg = Debug|Any CPU
		{1DE6C03D-734C-4A31-8992-E7F02C86A201}.Debug|Any CPU.Build.0 = Debug|Any CPU
		{1DE6C03D-734C-4A31-8992-E7F02C86A201}.Release|Any CPU.ActiveCfg = Release|Any CPU
		{1DE6C03D-734C-4A31-8992-E7F02C86A201}.Release|Any CPU.Build.0 = Release|Any CPU
	EndGlobalSection
	GlobalSection(SolutionProperties) = preSolution
		HideSolutionNode = FALSE
	EndGlobalSection
	GlobalSection(ExtensibilityGlobals) = postSolution
		SolutionGuid = {BA89E157-B91C-42F2-866B-A76AC38A5D29}
	EndGlobalSection
EndGlobal
